// !$*UTF8*$!
{
	archiveVersion = 1;
	classes = {
	};
	objectVersion = 55;
	objects = {

/* Begin PBXBuildFile section */
		AEBE1B3227EA2AC100D56072 /* Assets.xcassets in Resources */ = {isa = PBXBuildFile; fileRef = AEBE1B2027EA2AC100D56072 /* Assets.xcassets */; };
		AEBE1B3327EA2AC100D56072 /* Assets.xcassets in Resources */ = {isa = PBXBuildFile; fileRef = AEBE1B2027EA2AC100D56072 /* Assets.xcassets */; };
		AEBE1B6627EA2B7500D56072 /* Localizable.strings in Resources */ = {isa = PBXBuildFile; fileRef = AEBE1B3D27EA2B7400D56072 /* Localizable.strings */; };
		AEBE1B6727EA2B7500D56072 /* Localizable.strings in Resources */ = {isa = PBXBuildFile; fileRef = AEBE1B3D27EA2B7400D56072 /* Localizable.strings */; };
		AEBE1B6827EA2B7500D56072 /* String+Localizable.swift in Sources */ = {isa = PBXBuildFile; fileRef = AEBE1B4027EA2B7500D56072 /* String+Localizable.swift */; };
		AEBE1B6927EA2B7500D56072 /* String+Localizable.swift in Sources */ = {isa = PBXBuildFile; fileRef = AEBE1B4027EA2B7500D56072 /* String+Localizable.swift */; };
		AEBE1B6A27EA2B7500D56072 /* GridLayout.swift in Sources */ = {isa = PBXBuildFile; fileRef = AEBE1B4127EA2B7500D56072 /* GridLayout.swift */; };
		AEBE1B6B27EA2B7500D56072 /* GridLayout.swift in Sources */ = {isa = PBXBuildFile; fileRef = AEBE1B4127EA2B7500D56072 /* GridLayout.swift */; };
		AEBE1B6C27EA2B7500D56072 /* Array+Identifiable.swift in Sources */ = {isa = PBXBuildFile; fileRef = AEBE1B4227EA2B7500D56072 /* Array+Identifiable.swift */; };
		AEBE1B6D27EA2B7500D56072 /* Array+Identifiable.swift in Sources */ = {isa = PBXBuildFile; fileRef = AEBE1B4227EA2B7500D56072 /* Array+Identifiable.swift */; };
		AEBE1B6E27EA2B7500D56072 /* Array+Only.swift in Sources */ = {isa = PBXBuildFile; fileRef = AEBE1B4327EA2B7500D56072 /* Array+Only.swift */; };
		AEBE1B6F27EA2B7500D56072 /* Array+Only.swift in Sources */ = {isa = PBXBuildFile; fileRef = AEBE1B4327EA2B7500D56072 /* Array+Only.swift */; };
		AEBE1B7027EA2B7500D56072 /* Data+String.swift in Sources */ = {isa = PBXBuildFile; fileRef = AEBE1B4427EA2B7500D56072 /* Data+String.swift */; };
		AEBE1B7127EA2B7500D56072 /* Data+String.swift in Sources */ = {isa = PBXBuildFile; fileRef = AEBE1B4427EA2B7500D56072 /* Data+String.swift */; };
		AEBE1B7227EA2B7500D56072 /* Array+Hashable.swift in Sources */ = {isa = PBXBuildFile; fileRef = AEBE1B4527EA2B7500D56072 /* Array+Hashable.swift */; };
		AEBE1B7327EA2B7500D56072 /* Array+Hashable.swift in Sources */ = {isa = PBXBuildFile; fileRef = AEBE1B4527EA2B7500D56072 /* Array+Hashable.swift */; };
		AEBE1B7427EA2B7500D56072 /* UIColor+RGBA.swift in Sources */ = {isa = PBXBuildFile; fileRef = AEBE1B4627EA2B7500D56072 /* UIColor+RGBA.swift */; };
		AEBE1B7527EA2B7500D56072 /* UIColor+RGBA.swift in Sources */ = {isa = PBXBuildFile; fileRef = AEBE1B4627EA2B7500D56072 /* UIColor+RGBA.swift */; };
		AEBE1B7627EA2B7500D56072 /* CardView.swift in Sources */ = {isa = PBXBuildFile; fileRef = AEBE1B4927EA2B7500D56072 /* CardView.swift */; };
		AEBE1B7727EA2B7500D56072 /* CardView.swift in Sources */ = {isa = PBXBuildFile; fileRef = AEBE1B4927EA2B7500D56072 /* CardView.swift */; };
		AEBE1B7827EA2B7500D56072 /* ThemeView.swift in Sources */ = {isa = PBXBuildFile; fileRef = AEBE1B4A27EA2B7500D56072 /* ThemeView.swift */; };
		AEBE1B7927EA2B7500D56072 /* ThemeView.swift in Sources */ = {isa = PBXBuildFile; fileRef = AEBE1B4A27EA2B7500D56072 /* ThemeView.swift */; };
		AEBE1B7A27EA2B7500D56072 /* ColorCardChooser.swift in Sources */ = {isa = PBXBuildFile; fileRef = AEBE1B4B27EA2B7500D56072 /* ColorCardChooser.swift */; };
		AEBE1B7B27EA2B7500D56072 /* ColorCardChooser.swift in Sources */ = {isa = PBXBuildFile; fileRef = AEBE1B4B27EA2B7500D56072 /* ColorCardChooser.swift */; };
		AEBE1B7C27EA2B7500D56072 /* ScoreView.swift in Sources */ = {isa = PBXBuildFile; fileRef = AEBE1B4C27EA2B7500D56072 /* ScoreView.swift */; };
		AEBE1B7D27EA2B7500D56072 /* ScoreView.swift in Sources */ = {isa = PBXBuildFile; fileRef = AEBE1B4C27EA2B7500D56072 /* ScoreView.swift */; };
		AEBE1B7E27EA2B7500D56072 /* Cardify.swift in Sources */ = {isa = PBXBuildFile; fileRef = AEBE1B4E27EA2B7500D56072 /* Cardify.swift */; };
		AEBE1B7F27EA2B7500D56072 /* Cardify.swift in Sources */ = {isa = PBXBuildFile; fileRef = AEBE1B4E27EA2B7500D56072 /* Cardify.swift */; };
		AEBE1B8027EA2B7500D56072 /* Pie.swift in Sources */ = {isa = PBXBuildFile; fileRef = AEBE1B4F27EA2B7500D56072 /* Pie.swift */; };
		AEBE1B8127EA2B7500D56072 /* Pie.swift in Sources */ = {isa = PBXBuildFile; fileRef = AEBE1B4F27EA2B7500D56072 /* Pie.swift */; };
		AEBE1B8227EA2B7500D56072 /* Dropfy.swift in Sources */ = {isa = PBXBuildFile; fileRef = AEBE1B5027EA2B7500D56072 /* Dropfy.swift */; };
		AEBE1B8327EA2B7500D56072 /* Dropfy.swift in Sources */ = {isa = PBXBuildFile; fileRef = AEBE1B5027EA2B7500D56072 /* Dropfy.swift */; };
		AEBE1B8427EA2B7500D56072 /* EmojiMemoryGameView.swift in Sources */ = {isa = PBXBuildFile; fileRef = AEBE1B5127EA2B7500D56072 /* EmojiMemoryGameView.swift */; };
		AEBE1B8527EA2B7500D56072 /* EmojiMemoryGameView.swift in Sources */ = {isa = PBXBuildFile; fileRef = AEBE1B5127EA2B7500D56072 /* EmojiMemoryGameView.swift */; };
		AEBE1B8627EA2B7500D56072 /* MemoryGameApp.swift in Sources */ = {isa = PBXBuildFile; fileRef = AEBE1B5227EA2B7500D56072 /* MemoryGameApp.swift */; };
		AEBE1B8727EA2B7500D56072 /* MemoryGameApp.swift in Sources */ = {isa = PBXBuildFile; fileRef = AEBE1B5227EA2B7500D56072 /* MemoryGameApp.swift */; };
		AEBE1B8827EA2B7500D56072 /* ThemeEditor.swift in Sources */ = {isa = PBXBuildFile; fileRef = AEBE1B5327EA2B7500D56072 /* ThemeEditor.swift */; };
		AEBE1B8927EA2B7500D56072 /* ThemeEditor.swift in Sources */ = {isa = PBXBuildFile; fileRef = AEBE1B5327EA2B7500D56072 /* ThemeEditor.swift */; };
		AEBE1B8A27EA2B7500D56072 /* Grid.swift in Sources */ = {isa = PBXBuildFile; fileRef = AEBE1B5427EA2B7500D56072 /* Grid.swift */; };
		AEBE1B8B27EA2B7500D56072 /* Grid.swift in Sources */ = {isa = PBXBuildFile; fileRef = AEBE1B5427EA2B7500D56072 /* Grid.swift */; };
		AEBE1B8C27EA2B7500D56072 /* EmojiMemoryGameThemeChooser.swift in Sources */ = {isa = PBXBuildFile; fileRef = AEBE1B5527EA2B7500D56072 /* EmojiMemoryGameThemeChooser.swift */; };
		AEBE1B8D27EA2B7500D56072 /* EmojiMemoryGameThemeChooser.swift in Sources */ = {isa = PBXBuildFile; fileRef = AEBE1B5527EA2B7500D56072 /* EmojiMemoryGameThemeChooser.swift */; };
		AEBE1B8E27EA2B7500D56072 /* bonus.wav in Resources */ = {isa = PBXBuildFile; fileRef = AEBE1B5727EA2B7500D56072 /* bonus.wav */; };
		AEBE1B8F27EA2B7500D56072 /* bonus.wav in Resources */ = {isa = PBXBuildFile; fileRef = AEBE1B5727EA2B7500D56072 /* bonus.wav */; };
		AEBE1B9027EA2B7500D56072 /* fail.wav in Resources */ = {isa = PBXBuildFile; fileRef = AEBE1B5827EA2B7500D56072 /* fail.wav */; };
		AEBE1B9127EA2B7500D56072 /* fail.wav in Resources */ = {isa = PBXBuildFile; fileRef = AEBE1B5827EA2B7500D56072 /* fail.wav */; };
		AEBE1B9227EA2B7500D56072 /* success.wav in Resources */ = {isa = PBXBuildFile; fileRef = AEBE1B5927EA2B7500D56072 /* success.wav */; };
		AEBE1B9327EA2B7500D56072 /* success.wav in Resources */ = {isa = PBXBuildFile; fileRef = AEBE1B5927EA2B7500D56072 /* success.wav */; };
		AEBE1B9427EA2B7500D56072 /* Result.swift in Sources */ = {isa = PBXBuildFile; fileRef = AEBE1B5B27EA2B7500D56072 /* Result.swift */; };
		AEBE1B9527EA2B7500D56072 /* Result.swift in Sources */ = {isa = PBXBuildFile; fileRef = AEBE1B5B27EA2B7500D56072 /* Result.swift */; };
		AEBE1B9627EA2B7500D56072 /* ScoreData.swift in Sources */ = {isa = PBXBuildFile; fileRef = AEBE1B5C27EA2B7500D56072 /* ScoreData.swift */; };
		AEBE1B9727EA2B7500D56072 /* ScoreData.swift in Sources */ = {isa = PBXBuildFile; fileRef = AEBE1B5C27EA2B7500D56072 /* ScoreData.swift */; };
		AEBE1B9827EA2B7500D56072 /* MemoryGame.swift in Sources */ = {isa = PBXBuildFile; fileRef = AEBE1B5D27EA2B7500D56072 /* MemoryGame.swift */; };
		AEBE1B9927EA2B7500D56072 /* MemoryGame.swift in Sources */ = {isa = PBXBuildFile; fileRef = AEBE1B5D27EA2B7500D56072 /* MemoryGame.swift */; };
		AEBE1B9A27EA2B7500D56072 /* Preview Assets.xcassets in Resources */ = {isa = PBXBuildFile; fileRef = AEBE1B5F27EA2B7500D56072 /* Preview Assets.xcassets */; };
		AEBE1B9B27EA2B7500D56072 /* Preview Assets.xcassets in Resources */ = {isa = PBXBuildFile; fileRef = AEBE1B5F27EA2B7500D56072 /* Preview Assets.xcassets */; };
		AEBE1B9C27EA2B7500D56072 /* EmojiMemoryThemeStore.swift in Sources */ = {isa = PBXBuildFile; fileRef = AEBE1B6127EA2B7500D56072 /* EmojiMemoryThemeStore.swift */; };
		AEBE1B9D27EA2B7500D56072 /* EmojiMemoryThemeStore.swift in Sources */ = {isa = PBXBuildFile; fileRef = AEBE1B6127EA2B7500D56072 /* EmojiMemoryThemeStore.swift */; };
		AEBE1B9E27EA2B7500D56072 /* EmojiMemoryGame.swift in Sources */ = {isa = PBXBuildFile; fileRef = AEBE1B6227EA2B7500D56072 /* EmojiMemoryGame.swift */; };
		AEBE1B9F27EA2B7500D56072 /* EmojiMemoryGame.swift in Sources */ = {isa = PBXBuildFile; fileRef = AEBE1B6227EA2B7500D56072 /* EmojiMemoryGame.swift */; };
		AEBE1BA027EA2B7500D56072 /* Localizable.strings in Resources */ = {isa = PBXBuildFile; fileRef = AEBE1B6427EA2B7500D56072 /* Localizable.strings */; };
		AEBE1BA127EA2B7500D56072 /* Localizable.strings in Resources */ = {isa = PBXBuildFile; fileRef = AEBE1B6427EA2B7500D56072 /* Localizable.strings */; };
/* End PBXBuildFile section */

/* Begin PBXFileReference section */
		AEBE1B2027EA2AC100D56072 /* Assets.xcassets */ = {isa = PBXFileReference; lastKnownFileType = folder.assetcatalog; path = Assets.xcassets; sourceTree = "<group>"; };
		AEBE1B2527EA2AC100D56072 /* Memorize.app */ = {isa = PBXFileReference; explicitFileType = wrapper.application; includeInIndex = 0; path = Memorize.app; sourceTree = BUILT_PRODUCTS_DIR; };
		AEBE1B2B27EA2AC100D56072 /* Memorize.app */ = {isa = PBXFileReference; explicitFileType = wrapper.application; includeInIndex = 0; path = Memorize.app; sourceTree = BUILT_PRODUCTS_DIR; };
		AEBE1B2D27EA2AC100D56072 /* macOS.entitlements */ = {isa = PBXFileReference; lastKnownFileType = text.plist.entitlements; path = macOS.entitlements; sourceTree = "<group>"; };
		AEBE1B3E27EA2B7400D56072 /* en */ = {isa = PBXFileReference; lastKnownFileType = text.plist.strings; name = en; path = Localizable.strings; sourceTree = "<group>"; };
		AEBE1B4027EA2B7500D56072 /* String+Localizable.swift */ = {isa = PBXFileReference; fileEncoding = 4; lastKnownFileType = sourcecode.swift; path = "String+Localizable.swift"; sourceTree = "<group>"; };
		AEBE1B4127EA2B7500D56072 /* GridLayout.swift */ = {isa = PBXFileReference; fileEncoding = 4; lastKnownFileType = sourcecode.swift; path = GridLayout.swift; sourceTree = "<group>"; };
		AEBE1B4227EA2B7500D56072 /* Array+Identifiable.swift */ = {isa = PBXFileReference; fileEncoding = 4; lastKnownFileType = sourcecode.swift; path = "Array+Identifiable.swift"; sourceTree = "<group>"; };
		AEBE1B4327EA2B7500D56072 /* Array+Only.swift */ = {isa = PBXFileReference; fileEncoding = 4; lastKnownFileType = sourcecode.swift; path = "Array+Only.swift"; sourceTree = "<group>"; };
		AEBE1B4427EA2B7500D56072 /* Data+String.swift */ = {isa = PBXFileReference; fileEncoding = 4; lastKnownFileType = sourcecode.swift; path = "Data+String.swift"; sourceTree = "<group>"; };
		AEBE1B4527EA2B7500D56072 /* Array+Hashable.swift */ = {isa = PBXFileReference; fileEncoding = 4; lastKnownFileType = sourcecode.swift; path = "Array+Hashable.swift"; sourceTree = "<group>"; };
		AEBE1B4627EA2B7500D56072 /* UIColor+RGBA.swift */ = {isa = PBXFileReference; fileEncoding = 4; lastKnownFileType = sourcecode.swift; path = "UIColor+RGBA.swift"; sourceTree = "<group>"; };
		AEBE1B4927EA2B7500D56072 /* CardView.swift */ = {isa = PBXFileReference; fileEncoding = 4; lastKnownFileType = sourcecode.swift; path = CardView.swift; sourceTree = "<group>"; };
		AEBE1B4A27EA2B7500D56072 /* ThemeView.swift */ = {isa = PBXFileReference; fileEncoding = 4; lastKnownFileType = sourcecode.swift; path = ThemeView.swift; sourceTree = "<group>"; };
		AEBE1B4B27EA2B7500D56072 /* ColorCardChooser.swift */ = {isa = PBXFileReference; fileEncoding = 4; lastKnownFileType = sourcecode.swift; path = ColorCardChooser.swift; sourceTree = "<group>"; };
		AEBE1B4C27EA2B7500D56072 /* ScoreView.swift */ = {isa = PBXFileReference; fileEncoding = 4; lastKnownFileType = sourcecode.swift; path = ScoreView.swift; sourceTree = "<group>"; };
		AEBE1B4E27EA2B7500D56072 /* Cardify.swift */ = {isa = PBXFileReference; fileEncoding = 4; lastKnownFileType = sourcecode.swift; path = Cardify.swift; sourceTree = "<group>"; };
		AEBE1B4F27EA2B7500D56072 /* Pie.swift */ = {isa = PBXFileReference; fileEncoding = 4; lastKnownFileType = sourcecode.swift; path = Pie.swift; sourceTree = "<group>"; };
		AEBE1B5027EA2B7500D56072 /* Dropfy.swift */ = {isa = PBXFileReference; fileEncoding = 4; lastKnownFileType = sourcecode.swift; path = Dropfy.swift; sourceTree = "<group>"; };
		AEBE1B5127EA2B7500D56072 /* EmojiMemoryGameView.swift */ = {isa = PBXFileReference; fileEncoding = 4; lastKnownFileType = sourcecode.swift; path = EmojiMemoryGameView.swift; sourceTree = "<group>"; };
		AEBE1B5227EA2B7500D56072 /* MemoryGameApp.swift */ = {isa = PBXFileReference; fileEncoding = 4; lastKnownFileType = sourcecode.swift; path = MemoryGameApp.swift; sourceTree = "<group>"; };
		AEBE1B5327EA2B7500D56072 /* ThemeEditor.swift */ = {isa = PBXFileReference; fileEncoding = 4; lastKnownFileType = sourcecode.swift; path = ThemeEditor.swift; sourceTree = "<group>"; };
		AEBE1B5427EA2B7500D56072 /* Grid.swift */ = {isa = PBXFileReference; fileEncoding = 4; lastKnownFileType = sourcecode.swift; path = Grid.swift; sourceTree = "<group>"; };
		AEBE1B5527EA2B7500D56072 /* EmojiMemoryGameThemeChooser.swift */ = {isa = PBXFileReference; fileEncoding = 4; lastKnownFileType = sourcecode.swift; path = EmojiMemoryGameThemeChooser.swift; sourceTree = "<group>"; };
		AEBE1B5727EA2B7500D56072 /* bonus.wav */ = {isa = PBXFileReference; lastKnownFileType = audio.wav; path = bonus.wav; sourceTree = "<group>"; };
		AEBE1B5827EA2B7500D56072 /* fail.wav */ = {isa = PBXFileReference; lastKnownFileType = audio.wav; path = fail.wav; sourceTree = "<group>"; };
		AEBE1B5927EA2B7500D56072 /* success.wav */ = {isa = PBXFileReference; lastKnownFileType = audio.wav; path = success.wav; sourceTree = "<group>"; };
		AEBE1B5B27EA2B7500D56072 /* Result.swift */ = {isa = PBXFileReference; fileEncoding = 4; lastKnownFileType = sourcecode.swift; path = Result.swift; sourceTree = "<group>"; };
		AEBE1B5C27EA2B7500D56072 /* ScoreData.swift */ = {isa = PBXFileReference; fileEncoding = 4; lastKnownFileType = sourcecode.swift; path = ScoreData.swift; sourceTree = "<group>"; };
		AEBE1B5D27EA2B7500D56072 /* MemoryGame.swift */ = {isa = PBXFileReference; fileEncoding = 4; lastKnownFileType = sourcecode.swift; path = MemoryGame.swift; sourceTree = "<group>"; };
		AEBE1B5F27EA2B7500D56072 /* Preview Assets.xcassets */ = {isa = PBXFileReference; lastKnownFileType = folder.assetcatalog; path = "Preview Assets.xcassets"; sourceTree = "<group>"; };
		AEBE1B6127EA2B7500D56072 /* EmojiMemoryThemeStore.swift */ = {isa = PBXFileReference; fileEncoding = 4; lastKnownFileType = sourcecode.swift; path = EmojiMemoryThemeStore.swift; sourceTree = "<group>"; };
		AEBE1B6227EA2B7500D56072 /* EmojiMemoryGame.swift */ = {isa = PBXFileReference; fileEncoding = 4; lastKnownFileType = sourcecode.swift; path = EmojiMemoryGame.swift; sourceTree = "<group>"; };
		AEBE1B6527EA2B7500D56072 /* zh-Hans */ = {isa = PBXFileReference; lastKnownFileType = text.plist.strings; name = "zh-Hans"; path = Localizable.strings; sourceTree = "<group>"; };
		AEBE1BA427EA2B8900D56072 /* iOS.entitlements */ = {isa = PBXFileReference; lastKnownFileType = text.plist.entitlements; path = iOS.entitlements; sourceTree = "<group>"; };
/* End PBXFileReference section */

/* Begin PBXFrameworksBuildPhase section */
		AEBE1B2227EA2AC100D56072 /* Frameworks */ = {
			isa = PBXFrameworksBuildPhase;
			buildActionMask = 2147483647;
			files = (
			);
			runOnlyForDeploymentPostprocessing = 0;
		};
		AEBE1B2827EA2AC100D56072 /* Frameworks */ = {
			isa = PBXFrameworksBuildPhase;
			buildActionMask = 2147483647;
			files = (
			);
			runOnlyForDeploymentPostprocessing = 0;
		};
/* End PBXFrameworksBuildPhase section */

/* Begin PBXGroup section */
		AEBE1B1827EA2AC000D56072 = {
			isa = PBXGroup;
			children = (
				AEBE1BA227EA2B8400D56072 /* iOS */,
				AEBE1B1D27EA2AC000D56072 /* Shared */,
				AEBE1B2C27EA2AC100D56072 /* macOS */,
				AEBE1B2627EA2AC100D56072 /* Products */,
			);
			sourceTree = "<group>";
		};
		AEBE1B1D27EA2AC000D56072 /* Shared */ = {
			isa = PBXGroup;
			children = (
				AEBE1B3C27EA2B7400D56072 /* en.lproj */,
				AEBE1B3F27EA2B7400D56072 /* Helper */,
				AEBE1B5A27EA2B7500D56072 /* Model */,
				AEBE1B5E27EA2B7500D56072 /* Preview Content */,
				AEBE1B5627EA2B7500D56072 /* sound */,
				AEBE1B4727EA2B7500D56072 /* View */,
				AEBE1B6027EA2B7500D56072 /* ViewModel */,
				AEBE1B6327EA2B7500D56072 /* zh-Hans.lproj */,
				AEBE1B2027EA2AC100D56072 /* Assets.xcassets */,
			);
			path = Shared;
			sourceTree = "<group>";
		};
		AEBE1B2627EA2AC100D56072 /* Products */ = {
			isa = PBXGroup;
			children = (
				AEBE1B2527EA2AC100D56072 /* Memorize.app */,
				AEBE1B2B27EA2AC100D56072 /* Memorize.app */,
			);
			name = Products;
			sourceTree = "<group>";
		};
		AEBE1B2C27EA2AC100D56072 /* macOS */ = {
			isa = PBXGroup;
			children = (
				AEBE1B2D27EA2AC100D56072 /* macOS.entitlements */,
			);
			path = macOS;
			sourceTree = "<group>";
		};
		AEBE1B3C27EA2B7400D56072 /* en.lproj */ = {
			isa = PBXGroup;
			children = (
				AEBE1B3D27EA2B7400D56072 /* Localizable.strings */,
			);
			path = en.lproj;
			sourceTree = "<group>";
		};
		AEBE1B3F27EA2B7400D56072 /* Helper */ = {
			isa = PBXGroup;
			children = (
				AEBE1B4027EA2B7500D56072 /* String+Localizable.swift */,
				AEBE1B4127EA2B7500D56072 /* GridLayout.swift */,
				AEBE1B4227EA2B7500D56072 /* Array+Identifiable.swift */,
				AEBE1B4327EA2B7500D56072 /* Array+Only.swift */,
				AEBE1B4427EA2B7500D56072 /* Data+String.swift */,
				AEBE1B4527EA2B7500D56072 /* Array+Hashable.swift */,
				AEBE1B4627EA2B7500D56072 /* UIColor+RGBA.swift */,
			);
			path = Helper;
			sourceTree = "<group>";
		};
		AEBE1B4727EA2B7500D56072 /* View */ = {
			isa = PBXGroup;
			children = (
				AEBE1B4827EA2B7500D56072 /* ItemView */,
				AEBE1B4D27EA2B7500D56072 /* Animatable */,
				AEBE1B5127EA2B7500D56072 /* EmojiMemoryGameView.swift */,
				AEBE1B5227EA2B7500D56072 /* MemoryGameApp.swift */,
				AEBE1B5327EA2B7500D56072 /* ThemeEditor.swift */,
				AEBE1B5427EA2B7500D56072 /* Grid.swift */,
				AEBE1B5527EA2B7500D56072 /* EmojiMemoryGameThemeChooser.swift */,
			);
			path = View;
			sourceTree = "<group>";
		};
		AEBE1B4827EA2B7500D56072 /* ItemView */ = {
			isa = PBXGroup;
			children = (
				AEBE1B4927EA2B7500D56072 /* CardView.swift */,
				AEBE1B4A27EA2B7500D56072 /* ThemeView.swift */,
				AEBE1B4B27EA2B7500D56072 /* ColorCardChooser.swift */,
				AEBE1B4C27EA2B7500D56072 /* ScoreView.swift */,
			);
			path = ItemView;
			sourceTree = "<group>";
		};
		AEBE1B4D27EA2B7500D56072 /* Animatable */ = {
			isa = PBXGroup;
			children = (
				AEBE1B4E27EA2B7500D56072 /* Cardify.swift */,
				AEBE1B4F27EA2B7500D56072 /* Pie.swift */,
				AEBE1B5027EA2B7500D56072 /* Dropfy.swift */,
			);
			path = Animatable;
			sourceTree = "<group>";
		};
		AEBE1B5627EA2B7500D56072 /* sound */ = {
			isa = PBXGroup;
			children = (
				AEBE1B5727EA2B7500D56072 /* bonus.wav */,
				AEBE1B5827EA2B7500D56072 /* fail.wav */,
				AEBE1B5927EA2B7500D56072 /* success.wav */,
			);
			path = sound;
			sourceTree = "<group>";
		};
		AEBE1B5A27EA2B7500D56072 /* Model */ = {
			isa = PBXGroup;
			children = (
				AEBE1B5B27EA2B7500D56072 /* Result.swift */,
				AEBE1B5C27EA2B7500D56072 /* ScoreData.swift */,
				AEBE1B5D27EA2B7500D56072 /* MemoryGame.swift */,
			);
			path = Model;
			sourceTree = "<group>";
		};
		AEBE1B5E27EA2B7500D56072 /* Preview Content */ = {
			isa = PBXGroup;
			children = (
				AEBE1B5F27EA2B7500D56072 /* Preview Assets.xcassets */,
			);
			path = "Preview Content";
			sourceTree = "<group>";
		};
		AEBE1B6027EA2B7500D56072 /* ViewModel */ = {
			isa = PBXGroup;
			children = (
				AEBE1B6127EA2B7500D56072 /* EmojiMemoryThemeStore.swift */,
				AEBE1B6227EA2B7500D56072 /* EmojiMemoryGame.swift */,
			);
			path = ViewModel;
			sourceTree = "<group>";
		};
		AEBE1B6327EA2B7500D56072 /* zh-Hans.lproj */ = {
			isa = PBXGroup;
			children = (
				AEBE1B6427EA2B7500D56072 /* Localizable.strings */,
			);
			path = "zh-Hans.lproj";
			sourceTree = "<group>";
		};
		AEBE1BA227EA2B8400D56072 /* iOS */ = {
			isa = PBXGroup;
			children = (
				AEBE1BA427EA2B8900D56072 /* iOS.entitlements */,
			);
			path = iOS;
			sourceTree = "<group>";
		};
/* End PBXGroup section */

/* Begin PBXNativeTarget section */
		AEBE1B2427EA2AC100D56072 /* Memorize (iOS) */ = {
			isa = PBXNativeTarget;
			buildConfigurationList = AEBE1B3627EA2AC100D56072 /* Build configuration list for PBXNativeTarget "Memorize (iOS)" */;
			buildPhases = (
				AEBE1B2127EA2AC100D56072 /* Sources */,
				AEBE1B2227EA2AC100D56072 /* Frameworks */,
				AEBE1B2327EA2AC100D56072 /* Resources */,
			);
			buildRules = (
			);
			dependencies = (
			);
			name = "Memorize (iOS)";
			productName = "Memorize (iOS)";
			productReference = AEBE1B2527EA2AC100D56072 /* Memorize.app */;
			productType = "com.apple.product-type.application";
		};
		AEBE1B2A27EA2AC100D56072 /* Memorize (macOS) */ = {
			isa = PBXNativeTarget;
			buildConfigurationList = AEBE1B3927EA2AC100D56072 /* Build configuration list for PBXNativeTarget "Memorize (macOS)" */;
			buildPhases = (
				AEBE1B2727EA2AC100D56072 /* Sources */,
				AEBE1B2827EA2AC100D56072 /* Frameworks */,
				AEBE1B2927EA2AC100D56072 /* Resources */,
			);
			buildRules = (
			);
			dependencies = (
			);
			name = "Memorize (macOS)";
			productName = "Memorize (macOS)";
			productReference = AEBE1B2B27EA2AC100D56072 /* Memorize.app */;
			productType = "com.apple.product-type.application";
		};
/* End PBXNativeTarget section */

/* Begin PBXProject section */
		AEBE1B1927EA2AC000D56072 /* Project object */ = {
			isa = PBXProject;
			attributes = {
				BuildIndependentTargetsInParallel = 1;
				LastSwiftUpdateCheck = 1330;
				LastUpgradeCheck = 1330;
				TargetAttributes = {
					AEBE1B2427EA2AC100D56072 = {
						CreatedOnToolsVersion = 13.3;
					};
					AEBE1B2A27EA2AC100D56072 = {
						CreatedOnToolsVersion = 13.3;
					};
				};
			};
			buildConfigurationList = AEBE1B1C27EA2AC000D56072 /* Build configuration list for PBXProject "Memorize" */;
			compatibilityVersion = "Xcode 13.0";
			developmentRegion = en;
			hasScannedForEncodings = 0;
			knownRegions = (
				en,
				Base,
				"zh-Hans",
			);
			mainGroup = AEBE1B1827EA2AC000D56072;
			productRefGroup = AEBE1B2627EA2AC100D56072 /* Products */;
			projectDirPath = "";
			projectRoot = "";
			targets = (
				AEBE1B2427EA2AC100D56072 /* Memorize (iOS) */,
				AEBE1B2A27EA2AC100D56072 /* Memorize (macOS) */,
			);
		};
/* End PBXProject section */

/* Begin PBXResourcesBuildPhase section */
		AEBE1B2327EA2AC100D56072 /* Resources */ = {
			isa = PBXResourcesBuildPhase;
			buildActionMask = 2147483647;
			files = (
				AEBE1B9227EA2B7500D56072 /* success.wav in Resources */,
				AEBE1B9027EA2B7500D56072 /* fail.wav in Resources */,
				AEBE1B3227EA2AC100D56072 /* Assets.xcassets in Resources */,
				AEBE1BA027EA2B7500D56072 /* Localizable.strings in Resources */,
				AEBE1B6627EA2B7500D56072 /* Localizable.strings in Resources */,
				AEBE1B9A27EA2B7500D56072 /* Preview Assets.xcassets in Resources */,
				AEBE1B8E27EA2B7500D56072 /* bonus.wav in Resources */,
			);
			runOnlyForDeploymentPostprocessing = 0;
		};
		AEBE1B2927EA2AC100D56072 /* Resources */ = {
			isa = PBXResourcesBuildPhase;
			buildActionMask = 2147483647;
			files = (
				AEBE1B9327EA2B7500D56072 /* success.wav in Resources */,
				AEBE1B9127EA2B7500D56072 /* fail.wav in Resources */,
				AEBE1B3327EA2AC100D56072 /* Assets.xcassets in Resources */,
				AEBE1BA127EA2B7500D56072 /* Localizable.strings in Resources */,
				AEBE1B6727EA2B7500D56072 /* Localizable.strings in Resources */,
				AEBE1B9B27EA2B7500D56072 /* Preview Assets.xcassets in Resources */,
				AEBE1B8F27EA2B7500D56072 /* bonus.wav in Resources */,
			);
			runOnlyForDeploymentPostprocessing = 0;
		};
/* End PBXResourcesBuildPhase section */

/* Begin PBXSourcesBuildPhase section */
		AEBE1B2127EA2AC100D56072 /* Sources */ = {
			isa = PBXSourcesBuildPhase;
			buildActionMask = 2147483647;
			files = (
				AEBE1B6827EA2B7500D56072 /* String+Localizable.swift in Sources */,
				AEBE1B8C27EA2B7500D56072 /* EmojiMemoryGameThemeChooser.swift in Sources */,
				AEBE1B7427EA2B7500D56072 /* UIColor+RGBA.swift in Sources */,
				AEBE1B8627EA2B7500D56072 /* MemoryGameApp.swift in Sources */,
				AEBE1B9827EA2B7500D56072 /* MemoryGame.swift in Sources */,
				AEBE1B8427EA2B7500D56072 /* EmojiMemoryGameView.swift in Sources */,
				AEBE1B7227EA2B7500D56072 /* Array+Hashable.swift in Sources */,
				AEBE1B9427EA2B7500D56072 /* Result.swift in Sources */,
				AEBE1B6A27EA2B7500D56072 /* GridLayout.swift in Sources */,
				AEBE1B7027EA2B7500D56072 /* Data+String.swift in Sources */,
				AEBE1B6C27EA2B7500D56072 /* Array+Identifiable.swift in Sources */,
				AEBE1B9C27EA2B7500D56072 /* EmojiMemoryThemeStore.swift in Sources */,
				AEBE1B7E27EA2B7500D56072 /* Cardify.swift in Sources */,
				AEBE1B7627EA2B7500D56072 /* CardView.swift in Sources */,
				AEBE1B7C27EA2B7500D56072 /* ScoreView.swift in Sources */,
				AEBE1B7827EA2B7500D56072 /* ThemeView.swift in Sources */,
				AEBE1B8027EA2B7500D56072 /* Pie.swift in Sources */,
				AEBE1B8827EA2B7500D56072 /* ThemeEditor.swift in Sources */,
				AEBE1B6E27EA2B7500D56072 /* Array+Only.swift in Sources */,
				AEBE1B7A27EA2B7500D56072 /* ColorCardChooser.swift in Sources */,
				AEBE1B8227EA2B7500D56072 /* Dropfy.swift in Sources */,
				AEBE1B9627EA2B7500D56072 /* ScoreData.swift in Sources */,
				AEBE1B8A27EA2B7500D56072 /* Grid.swift in Sources */,
				AEBE1B9E27EA2B7500D56072 /* EmojiMemoryGame.swift in Sources */,
			);
			runOnlyForDeploymentPostprocessing = 0;
		};
		AEBE1B2727EA2AC100D56072 /* Sources */ = {
			isa = PBXSourcesBuildPhase;
			buildActionMask = 2147483647;
			files = (
				AEBE1B6927EA2B7500D56072 /* String+Localizable.swift in Sources */,
				AEBE1B8D27EA2B7500D56072 /* EmojiMemoryGameThemeChooser.swift in Sources */,
				AEBE1B7527EA2B7500D56072 /* UIColor+RGBA.swift in Sources */,
				AEBE1B8727EA2B7500D56072 /* MemoryGameApp.swift in Sources */,
				AEBE1B9927EA2B7500D56072 /* MemoryGame.swift in Sources */,
				AEBE1B8527EA2B7500D56072 /* EmojiMemoryGameView.swift in Sources */,
				AEBE1B7327EA2B7500D56072 /* Array+Hashable.swift in Sources */,
				AEBE1B9527EA2B7500D56072 /* Result.swift in Sources */,
				AEBE1B6B27EA2B7500D56072 /* GridLayout.swift in Sources */,
				AEBE1B7127EA2B7500D56072 /* Data+String.swift in Sources */,
				AEBE1B6D27EA2B7500D56072 /* Array+Identifiable.swift in Sources */,
				AEBE1B9D27EA2B7500D56072 /* EmojiMemoryThemeStore.swift in Sources */,
				AEBE1B7F27EA2B7500D56072 /* Cardify.swift in Sources */,
				AEBE1B7727EA2B7500D56072 /* CardView.swift in Sources */,
				AEBE1B7D27EA2B7500D56072 /* ScoreView.swift in Sources */,
				AEBE1B7927EA2B7500D56072 /* ThemeView.swift in Sources */,
				AEBE1B8127EA2B7500D56072 /* Pie.swift in Sources */,
				AEBE1B8927EA2B7500D56072 /* ThemeEditor.swift in Sources */,
				AEBE1B6F27EA2B7500D56072 /* Array+Only.swift in Sources */,
				AEBE1B7B27EA2B7500D56072 /* ColorCardChooser.swift in Sources */,
				AEBE1B8327EA2B7500D56072 /* Dropfy.swift in Sources */,
				AEBE1B9727EA2B7500D56072 /* ScoreData.swift in Sources */,
				AEBE1B8B27EA2B7500D56072 /* Grid.swift in Sources */,
				AEBE1B9F27EA2B7500D56072 /* EmojiMemoryGame.swift in Sources */,
			);
			runOnlyForDeploymentPostprocessing = 0;
		};
/* End PBXSourcesBuildPhase section */

/* Begin PBXVariantGroup section */
		AEBE1B3D27EA2B7400D56072 /* Localizable.strings */ = {
			isa = PBXVariantGroup;
			children = (
				AEBE1B3E27EA2B7400D56072 /* en */,
			);
			name = Localizable.strings;
			sourceTree = "<group>";
		};
		AEBE1B6427EA2B7500D56072 /* Localizable.strings */ = {
			isa = PBXVariantGroup;
			children = (
				AEBE1B6527EA2B7500D56072 /* zh-Hans */,
			);
			name = Localizable.strings;
			sourceTree = "<group>";
		};
/* End PBXVariantGroup section */

/* Begin XCBuildConfiguration section */
		AEBE1B3427EA2AC100D56072 /* Debug */ = {
			isa = XCBuildConfiguration;
			buildSettings = {
				ALWAYS_SEARCH_USER_PATHS = NO;
				CLANG_ANALYZER_NONNULL = YES;
				CLANG_ANALYZER_NUMBER_OBJECT_CONVERSION = YES_AGGRESSIVE;
				CLANG_CXX_LANGUAGE_STANDARD = "gnu++17";
				CLANG_ENABLE_MODULES = YES;
				CLANG_ENABLE_OBJC_ARC = YES;
				CLANG_ENABLE_OBJC_WEAK = YES;
				CLANG_WARN_BLOCK_CAPTURE_AUTORELEASING = YES;
				CLANG_WARN_BOOL_CONVERSION = YES;
				CLANG_WARN_COMMA = YES;
				CLANG_WARN_CONSTANT_CONVERSION = YES;
				CLANG_WARN_DEPRECATED_OBJC_IMPLEMENTATIONS = YES;
				CLANG_WARN_DIRECT_OBJC_ISA_USAGE = YES_ERROR;
				CLANG_WARN_DOCUMENTATION_COMMENTS = YES;
				CLANG_WARN_EMPTY_BODY = YES;
				CLANG_WARN_ENUM_CONVERSION = YES;
				CLANG_WARN_INFINITE_RECURSION = YES;
				CLANG_WARN_INT_CONVERSION = YES;
				CLANG_WARN_NON_LITERAL_NULL_CONVERSION = YES;
				CLANG_WARN_OBJC_IMPLICIT_RETAIN_SELF = YES;
				CLANG_WARN_OBJC_LITERAL_CONVERSION = YES;
				CLANG_WARN_OBJC_ROOT_CLASS = YES_ERROR;
				CLANG_WARN_QUOTED_INCLUDE_IN_FRAMEWORK_HEADER = YES;
				CLANG_WARN_RANGE_LOOP_ANALYSIS = YES;
				CLANG_WARN_STRICT_PROTOTYPES = YES;
				CLANG_WARN_SUSPICIOUS_MOVE = YES;
				CLANG_WARN_UNGUARDED_AVAILABILITY = YES_AGGRESSIVE;
				CLANG_WARN_UNREACHABLE_CODE = YES;
				CLANG_WARN__DUPLICATE_METHOD_MATCH = YES;
				COPY_PHASE_STRIP = NO;
				DEBUG_INFORMATION_FORMAT = dwarf;
				ENABLE_STRICT_OBJC_MSGSEND = YES;
				ENABLE_TESTABILITY = YES;
				GCC_C_LANGUAGE_STANDARD = gnu11;
				GCC_DYNAMIC_NO_PIC = NO;
				GCC_NO_COMMON_BLOCKS = YES;
				GCC_OPTIMIZATION_LEVEL = 0;
				GCC_PREPROCESSOR_DEFINITIONS = (
					"DEBUG=1",
					"$(inherited)",
				);
				GCC_WARN_64_TO_32_BIT_CONVERSION = YES;
				GCC_WARN_ABOUT_RETURN_TYPE = YES_ERROR;
				GCC_WARN_UNDECLARED_SELECTOR = YES;
				GCC_WARN_UNINITIALIZED_AUTOS = YES_AGGRESSIVE;
				GCC_WARN_UNUSED_FUNCTION = YES;
				GCC_WARN_UNUSED_VARIABLE = YES;
				MTL_ENABLE_DEBUG_INFO = INCLUDE_SOURCE;
				MTL_FAST_MATH = YES;
				ONLY_ACTIVE_ARCH = YES;
				SWIFT_ACTIVE_COMPILATION_CONDITIONS = DEBUG;
				SWIFT_OPTIMIZATION_LEVEL = "-Onone";
			};
			name = Debug;
		};
		AEBE1B3527EA2AC100D56072 /* Release */ = {
			isa = XCBuildConfiguration;
			buildSettings = {
				ALWAYS_SEARCH_USER_PATHS = NO;
				CLANG_ANALYZER_NONNULL = YES;
				CLANG_ANALYZER_NUMBER_OBJECT_CONVERSION = YES_AGGRESSIVE;
				CLANG_CXX_LANGUAGE_STANDARD = "gnu++17";
				CLANG_ENABLE_MODULES = YES;
				CLANG_ENABLE_OBJC_ARC = YES;
				CLANG_ENABLE_OBJC_WEAK = YES;
				CLANG_WARN_BLOCK_CAPTURE_AUTORELEASING = YES;
				CLANG_WARN_BOOL_CONVERSION = YES;
				CLANG_WARN_COMMA = YES;
				CLANG_WARN_CONSTANT_CONVERSION = YES;
				CLANG_WARN_DEPRECATED_OBJC_IMPLEMENTATIONS = YES;
				CLANG_WARN_DIRECT_OBJC_ISA_USAGE = YES_ERROR;
				CLANG_WARN_DOCUMENTATION_COMMENTS = YES;
				CLANG_WARN_EMPTY_BODY = YES;
				CLANG_WARN_ENUM_CONVERSION = YES;
				CLANG_WARN_INFINITE_RECURSION = YES;
				CLANG_WARN_INT_CONVERSION = YES;
				CLANG_WARN_NON_LITERAL_NULL_CONVERSION = YES;
				CLANG_WARN_OBJC_IMPLICIT_RETAIN_SELF = YES;
				CLANG_WARN_OBJC_LITERAL_CONVERSION = YES;
				CLANG_WARN_OBJC_ROOT_CLASS = YES_ERROR;
				CLANG_WARN_QUOTED_INCLUDE_IN_FRAMEWORK_HEADER = YES;
				CLANG_WARN_RANGE_LOOP_ANALYSIS = YES;
				CLANG_WARN_STRICT_PROTOTYPES = YES;
				CLANG_WARN_SUSPICIOUS_MOVE = YES;
				CLANG_WARN_UNGUARDED_AVAILABILITY = YES_AGGRESSIVE;
				CLANG_WARN_UNREACHABLE_CODE = YES;
				CLANG_WARN__DUPLICATE_METHOD_MATCH = YES;
				COPY_PHASE_STRIP = NO;
				DEBUG_INFORMATION_FORMAT = "dwarf-with-dsym";
				ENABLE_NS_ASSERTIONS = NO;
				ENABLE_STRICT_OBJC_MSGSEND = YES;
				GCC_C_LANGUAGE_STANDARD = gnu11;
				GCC_NO_COMMON_BLOCKS = YES;
				GCC_WARN_64_TO_32_BIT_CONVERSION = YES;
				GCC_WARN_ABOUT_RETURN_TYPE = YES_ERROR;
				GCC_WARN_UNDECLARED_SELECTOR = YES;
				GCC_WARN_UNINITIALIZED_AUTOS = YES_AGGRESSIVE;
				GCC_WARN_UNUSED_FUNCTION = YES;
				GCC_WARN_UNUSED_VARIABLE = YES;
				MTL_ENABLE_DEBUG_INFO = NO;
				MTL_FAST_MATH = YES;
				SWIFT_COMPILATION_MODE = wholemodule;
				SWIFT_OPTIMIZATION_LEVEL = "-O";
			};
			name = Release;
		};
		AEBE1B3727EA2AC100D56072 /* Debug */ = {
			isa = XCBuildConfiguration;
			buildSettings = {
				ASSETCATALOG_COMPILER_APPICON_NAME = AppIcon;
				ASSETCATALOG_COMPILER_GLOBAL_ACCENT_COLOR_NAME = AccentColor;
				CODE_SIGN_ENTITLEMENTS = iOS/iOS.entitlements;
				CODE_SIGN_STYLE = Automatic;
				CURRENT_PROJECT_VERSION = 1;
				DEVELOPMENT_TEAM = VB7MJ8R223;
				ENABLE_PREVIEWS = YES;
				GENERATE_INFOPLIST_FILE = YES;
				INFOPLIST_KEY_UIApplicationSceneManifest_Generation = YES;
				INFOPLIST_KEY_UIApplicationSupportsIndirectInputEvents = YES;
				INFOPLIST_KEY_UILaunchScreen_Generation = YES;
				INFOPLIST_KEY_UISupportedInterfaceOrientations_iPad = "UIInterfaceOrientationPortrait UIInterfaceOrientationPortraitUpsideDown UIInterfaceOrientationLandscapeLeft UIInterfaceOrientationLandscapeRight";
				INFOPLIST_KEY_UISupportedInterfaceOrientations_iPhone = "UIInterfaceOrientationPortrait UIInterfaceOrientationLandscapeLeft UIInterfaceOrientationLandscapeRight";
				IPHONEOS_DEPLOYMENT_TARGET = 15.0;
				LD_RUNPATH_SEARCH_PATHS = (
					"$(inherited)",
					"@executable_path/Frameworks",
				);
				MARKETING_VERSION = 1.0;
				PRODUCT_BUNDLE_IDENTIFIER = top.kyleye.Memorize;
				PRODUCT_NAME = Memorize;
				SDKROOT = iphoneos;
				SUPPORTS_MACCATALYST = YES;
				SWIFT_EMIT_LOC_STRINGS = YES;
				SWIFT_VERSION = 5.0;
				TARGETED_DEVICE_FAMILY = "1,2";
			};
			name = Debug;
		};
		AEBE1B3827EA2AC100D56072 /* Release */ = {
			isa = XCBuildConfiguration;
			buildSettings = {
				ASSETCATALOG_COMPILER_APPICON_NAME = AppIcon;
				ASSETCATALOG_COMPILER_GLOBAL_ACCENT_COLOR_NAME = AccentColor;
				CODE_SIGN_ENTITLEMENTS = iOS/iOS.entitlements;
				CODE_SIGN_STYLE = Automatic;
				CURRENT_PROJECT_VERSION = 1;
				DEVELOPMENT_TEAM = VB7MJ8R223;
				ENABLE_PREVIEWS = YES;
				GENERATE_INFOPLIST_FILE = YES;
				INFOPLIST_KEY_UIApplicationSceneManifest_Generation = YES;
				INFOPLIST_KEY_UIApplicationSupportsIndirectInputEvents = YES;
				INFOPLIST_KEY_UILaunchScreen_Generation = YES;
				INFOPLIST_KEY_UISupportedInterfaceOrientations_iPad = "UIInterfaceOrientationPortrait UIInterfaceOrientationPortraitUpsideDown UIInterfaceOrientationLandscapeLeft UIInterfaceOrientationLandscapeRight";
				INFOPLIST_KEY_UISupportedInterfaceOrientations_iPhone = "UIInterfaceOrientationPortrait UIInterfaceOrientationLandscapeLeft UIInterfaceOrientationLandscapeRight";
				IPHONEOS_DEPLOYMENT_TARGET = 15.0;
				LD_RUNPATH_SEARCH_PATHS = (
					"$(inherited)",
					"@executable_path/Frameworks",
				);
				MARKETING_VERSION = 1.0;
				PRODUCT_BUNDLE_IDENTIFIER = top.kyleye.Memorize;
				PRODUCT_NAME = Memorize;
				SDKROOT = iphoneos;
				SUPPORTS_MACCATALYST = YES;
				SWIFT_EMIT_LOC_STRINGS = YES;
				SWIFT_VERSION = 5.0;
				TARGETED_DEVICE_FAMILY = "1,2";
				VALIDATE_PRODUCT = YES;
			};
			name = Release;
		};
		AEBE1B3A27EA2AC100D56072 /* Debug */ = {
			isa = XCBuildConfiguration;
			buildSettings = {
				ASSETCATALOG_COMPILER_APPICON_NAME = AppIcon;
				ASSETCATALOG_COMPILER_GLOBAL_ACCENT_COLOR_NAME = AccentColor;
				CODE_SIGN_ENTITLEMENTS = macOS/macOS.entitlements;
				CODE_SIGN_STYLE = Automatic;
				COMBINE_HIDPI_IMAGES = YES;
				CURRENT_PROJECT_VERSION = 1;
				DEVELOPMENT_TEAM = VB7MJ8R223;
				ENABLE_HARDENED_RUNTIME = YES;
				ENABLE_PREVIEWS = YES;
				GENERATE_INFOPLIST_FILE = YES;
				INFOPLIST_KEY_NSHumanReadableCopyright = "";
				LD_RUNPATH_SEARCH_PATHS = (
					"$(inherited)",
					"@executable_path/../Frameworks",
				);
				MACOSX_DEPLOYMENT_TARGET = 12.0;
				MARKETING_VERSION = 1.0;
				PRODUCT_BUNDLE_IDENTIFIER = top.kyleye.Memorize;
				PRODUCT_NAME = Memorize;
				SDKROOT = macosx;
				SWIFT_EMIT_LOC_STRINGS = YES;
				SWIFT_VERSION = 5.0;
			};
			name = Debug;
		};
		AEBE1B3B27EA2AC100D56072 /* Release */ = {
			isa = XCBuildConfiguration;
			buildSettings = {
				ASSETCATALOG_COMPILER_APPICON_NAME = AppIcon;
				ASSETCATALOG_COMPILER_GLOBAL_ACCENT_COLOR_NAME = AccentColor;
				CODE_SIGN_ENTITLEMENTS = macOS/macOS.entitlements;
				CODE_SIGN_STYLE = Automatic;
				COMBINE_HIDPI_IMAGES = YES;
				CURRENT_PROJECT_VERSION = 1;
				DEVELOPMENT_TEAM = VB7MJ8R223;
				ENABLE_HARDENED_RUNTIME = YES;
				ENABLE_PREVIEWS = YES;
				GENERATE_INFOPLIST_FILE = YES;
				INFOPLIST_KEY_NSHumanReadableCopyright = "";
				LD_RUNPATH_SEARCH_PATHS = (
					"$(inherited)",
					"@executable_path/../Frameworks",
				);
				MACOSX_DEPLOYMENT_TARGET = 12.0;
				MARKETING_VERSION = 1.0;
				PRODUCT_BUNDLE_IDENTIFIER = top.kyleye.Memorize;
				PRODUCT_NAME = Memorize;
				SDKROOT = macosx;
				SWIFT_EMIT_LOC_STRINGS = YES;
				SWIFT_VERSION = 5.0;
			};
			name = Release;
		};
/* End XCBuildConfiguration section */

/* Begin XCConfigurationList section */
		AEBE1B1C27EA2AC000D56072 /* Build configuration list for PBXProject "Memorize" */ = {
			isa = XCConfigurationList;
			buildConfigurations = (
				AEBE1B3427EA2AC100D56072 /* Debug */,
				AEBE1B3527EA2AC100D56072 /* Release */,
			);
			defaultConfigurationIsVisible = 0;
			defaultConfigurationName = Release;
		};
		AEBE1B3627EA2AC100D56072 /* Build configuration list for PBXNativeTarget "Memorize (iOS)" */ = {
			isa = XCConfigurationList;
			buildConfigurations = (
				AEBE1B3727EA2AC100D56072 /* Debug */,
				AEBE1B3827EA2AC100D56072 /* Release */,
			);
			defaultConfigurationIsVisible = 0;
			defaultConfigurationName = Release;
		};
		AEBE1B3927EA2AC100D56072 /* Build configuration list for PBXNativeTarget "Memorize (macOS)" */ = {
			isa = XCConfigurationList;
			buildConfigurations = (
				AEBE1B3A27EA2AC100D56072 /* Debug */,
				AEBE1B3B27EA2AC100D56072 /* Release */,
			);
			defaultConfigurationIsVisible = 0;
			defaultConfigurationName = Release;
		};
/* End XCConfigurationList section */
	};
	rootObject = AEBE1B1927EA2AC000D56072 /* Project object */;
}
