// !$*UTF8*$!
{
	archiveVersion = 1;
	classes = {
	};
	objectVersion = 50;
	objects = {

/* Begin PBXBuildFile section */
		271822402498706A0017725F /* AppDelegate.swift in Sources */ = {isa = PBXBuildFile; fileRef = 2718223F2498706A0017725F /* AppDelegate.swift */; };
		271822422498706A0017725F /* SceneDelegate.swift in Sources */ = {isa = PBXBuildFile; fileRef = 271822412498706A0017725F /* SceneDelegate.swift */; };
		271822462498706F0017725F /* Assets.xcassets in Resources */ = {isa = PBXBuildFile; fileRef = 271822452498706F0017725F /* Assets.xcassets */; };
		271822492498706F0017725F /* Preview Assets.xcassets in Resources */ = {isa = PBXBuildFile; fileRef = 271822482498706F0017725F /* Preview Assets.xcassets */; };
		27196D50249A54500063B7CD /* GridLayout.swift in Sources */ = {isa = PBXBuildFile; fileRef = 27196D4D249A54500063B7CD /* GridLayout.swift */; };
		27196D51249A54500063B7CD /* Array+Only.swift in Sources */ = {isa = PBXBuildFile; fileRef = 27196D4E249A54500063B7CD /* Array+Only.swift */; };
		27196D52249A54500063B7CD /* Array+Identifiable.swift in Sources */ = {isa = PBXBuildFile; fileRef = 27196D4F249A54500063B7CD /* Array+Identifiable.swift */; };
		27196D55249A54630063B7CD /* Grid.swift in Sources */ = {isa = PBXBuildFile; fileRef = 27196D53249A54630063B7CD /* Grid.swift */; };
		27196D56249A54630063B7CD /* EmojiMemoryGameView.swift in Sources */ = {isa = PBXBuildFile; fileRef = 27196D54249A54630063B7CD /* EmojiMemoryGameView.swift */; };
		274C03662498CB0000C2ED7E /* MemoryGame.swift in Sources */ = {isa = PBXBuildFile; fileRef = 274C03652498CB0000C2ED7E /* MemoryGame.swift */; };
		274C03682498CC0D00C2ED7E /* EmojiMemoryGame.swift in Sources */ = {isa = PBXBuildFile; fileRef = 274C03672498CC0D00C2ED7E /* EmojiMemoryGame.swift */; };
		274C036E2499139300C2ED7E /* CardView.swift in Sources */ = {isa = PBXBuildFile; fileRef = 274C036D2499139300C2ED7E /* CardView.swift */; };
		27A3EE01249B487B00BB64B7 /* Pie.swift in Sources */ = {isa = PBXBuildFile; fileRef = 27A3EE00249B487B00BB64B7 /* Pie.swift */; };
		27A3EE03249B519700BB64B7 /* Cardify.swift in Sources */ = {isa = PBXBuildFile; fileRef = 27A3EE02249B519700BB64B7 /* Cardify.swift */; };
		27A3EE06249B66DB00BB64B7 /* Localizable.strings in Resources */ = {isa = PBXBuildFile; fileRef = 27A3EE08249B66DB00BB64B7 /* Localizable.strings */; };
/* End PBXBuildFile section */

/* Begin PBXFileReference section */
		2718223C2498706A0017725F /* Memorize.app */ = {isa = PBXFileReference; explicitFileType = wrapper.application; includeInIndex = 0; path = Memorize.app; sourceTree = BUILT_PRODUCTS_DIR; };
		2718223F2498706A0017725F /* AppDelegate.swift */ = {isa = PBXFileReference; lastKnownFileType = sourcecode.swift; path = AppDelegate.swift; sourceTree = "<group>"; };
		271822412498706A0017725F /* SceneDelegate.swift */ = {isa = PBXFileReference; lastKnownFileType = sourcecode.swift; path = SceneDelegate.swift; sourceTree = "<group>"; };
		271822452498706F0017725F /* Assets.xcassets */ = {isa = PBXFileReference; lastKnownFileType = folder.assetcatalog; path = Assets.xcassets; sourceTree = "<group>"; };
		271822482498706F0017725F /* Preview Assets.xcassets */ = {isa = PBXFileReference; lastKnownFileType = folder.assetcatalog; path = "Preview Assets.xcassets"; sourceTree = "<group>"; };
		2718224D2498706F0017725F /* Info.plist */ = {isa = PBXFileReference; lastKnownFileType = text.plist.xml; path = Info.plist; sourceTree = "<group>"; };
		27196D4D249A54500063B7CD /* GridLayout.swift */ = {isa = PBXFileReference; fileEncoding = 4; lastKnownFileType = sourcecode.swift; path = GridLayout.swift; sourceTree = "<group>"; };
		27196D4E249A54500063B7CD /* Array+Only.swift */ = {isa = PBXFileReference; fileEncoding = 4; lastKnownFileType = sourcecode.swift; path = "Array+Only.swift"; sourceTree = "<group>"; };
		27196D4F249A54500063B7CD /* Array+Identifiable.swift */ = {isa = PBXFileReference; fileEncoding = 4; lastKnownFileType = sourcecode.swift; path = "Array+Identifiable.swift"; sourceTree = "<group>"; };
		27196D53249A54630063B7CD /* Grid.swift */ = {isa = PBXFileReference; fileEncoding = 4; lastKnownFileType = sourcecode.swift; path = Grid.swift; sourceTree = "<group>"; };
		27196D54249A54630063B7CD /* EmojiMemoryGameView.swift */ = {isa = PBXFileReference; fileEncoding = 4; lastKnownFileType = sourcecode.swift; path = EmojiMemoryGameView.swift; sourceTree = "<group>"; };
		274C03652498CB0000C2ED7E /* MemoryGame.swift */ = {isa = PBXFileReference; lastKnownFileType = sourcecode.swift; path = MemoryGame.swift; sourceTree = "<group>"; };
		274C03672498CC0D00C2ED7E /* EmojiMemoryGame.swift */ = {isa = PBXFileReference; lastKnownFileType = sourcecode.swift; path = EmojiMemoryGame.swift; sourceTree = "<group>"; };
		274C036D2499139300C2ED7E /* CardView.swift */ = {isa = PBXFileReference; lastKnownFileType = sourcecode.swift; path = CardView.swift; sourceTree = "<group>"; };
		27A3EE00249B487B00BB64B7 /* Pie.swift */ = {isa = PBXFileReference; lastKnownFileType = sourcecode.swift; path = Pie.swift; sourceTree = "<group>"; };
		27A3EE02249B519700BB64B7 /* Cardify.swift */ = {isa = PBXFileReference; lastKnownFileType = sourcecode.swift; path = Cardify.swift; sourceTree = "<group>"; };
		27A3EE07249B66DB00BB64B7 /* en */ = {isa = PBXFileReference; lastKnownFileType = text.plist.strings; name = en; path = en.lproj/Localizable.strings; sourceTree = "<group>"; };
		27A3EE0A249B672200BB64B7 /* zh-Hans */ = {isa = PBXFileReference; lastKnownFileType = text.plist.strings; name = "zh-Hans"; path = "zh-Hans.lproj/Localizable.strings"; sourceTree = "<group>"; };
/* End PBXFileReference section */

/* Begin PBXFrameworksBuildPhase section */
		271822392498706A0017725F /* Frameworks */ = {
			isa = PBXFrameworksBuildPhase;
			buildActionMask = 2147483647;
			files = (
			);
			runOnlyForDeploymentPostprocessing = 0;
		};
/* End PBXFrameworksBuildPhase section */

/* Begin PBXGroup section */
		271822332498706A0017725F = {
			isa = PBXGroup;
			children = (
				2718223E2498706A0017725F /* Memorize */,
				2718223D2498706A0017725F /* Products */,
			);
			sourceTree = "<group>";
		};
		2718223D2498706A0017725F /* Products */ = {
			isa = PBXGroup;
			children = (
				2718223C2498706A0017725F /* Memorize.app */,
			);
			name = Products;
			sourceTree = "<group>";
		};
		2718223E2498706A0017725F /* Memorize */ = {
			isa = PBXGroup;
			children = (
				27196D4C249A54500063B7CD /* Helper */,
				274C036B2498CC7500C2ED7E /* Model */,
				274C036A2498CC6E00C2ED7E /* View */,
				274C036C2498CC7C00C2ED7E /* ViewModel */,
				274C03692498CC6300C2ED7E /* Supporting Files */,
				2718224D2498706F0017725F /* Info.plist */,
				271822472498706F0017725F /* Preview Content */,
			);
			path = Memorize;
			sourceTree = "<group>";
		};
		271822472498706F0017725F /* Preview Content */ = {
			isa = PBXGroup;
			children = (
				271822482498706F0017725F /* Preview Assets.xcassets */,
			);
			path = "Preview Content";
			sourceTree = "<group>";
		};
		27196D4C249A54500063B7CD /* Helper */ = {
			isa = PBXGroup;
			children = (
				27196D4D249A54500063B7CD /* GridLayout.swift */,
				27196D4E249A54500063B7CD /* Array+Only.swift */,
				27196D4F249A54500063B7CD /* Array+Identifiable.swift */,
			);
			path = Helper;
			sourceTree = "<group>";
		};
		274C03692498CC6300C2ED7E /* Supporting Files */ = {
			isa = PBXGroup;
			children = (
				2718223F2498706A0017725F /* AppDelegate.swift */,
				271822412498706A0017725F /* SceneDelegate.swift */,
				271822452498706F0017725F /* Assets.xcassets */,
				27A3EE08249B66DB00BB64B7 /* Localizable.strings */,
			);
			path = "Supporting Files";
			sourceTree = "<group>";
		};
		274C036A2498CC6E00C2ED7E /* View */ = {
			isa = PBXGroup;
			children = (
				27196D54249A54630063B7CD /* EmojiMemoryGameView.swift */,
				27196D53249A54630063B7CD /* Grid.swift */,
				274C036D2499139300C2ED7E /* CardView.swift */,
				27A3EE00249B487B00BB64B7 /* Pie.swift */,
				27A3EE02249B519700BB64B7 /* Cardify.swift */,
			);
			path = View;
			sourceTree = "<group>";
		};
		274C036B2498CC7500C2ED7E /* Model */ = {
			isa = PBXGroup;
			children = (
				274C03652498CB0000C2ED7E /* MemoryGame.swift */,
			);
			path = Model;
			sourceTree = "<group>";
		};
		274C036C2498CC7C00C2ED7E /* ViewModel */ = {
			isa = PBXGroup;
			children = (
				274C03672498CC0D00C2ED7E /* EmojiMemoryGame.swift */,
			);
			path = ViewModel;
			sourceTree = "<group>";
		};
/* End PBXGroup section */

/* Begin PBXNativeTarget section */
		2718223B2498706A0017725F /* Memorize */ = {
			isa = PBXNativeTarget;
			buildConfigurationList = 271822502498706F0017725F /* Build configuration list for PBXNativeTarget "Memorize" */;
			buildPhases = (
				271822382498706A0017725F /* Sources */,
				271822392498706A0017725F /* Frameworks */,
				2718223A2498706A0017725F /* Resources */,
			);
			buildRules = (
			);
			dependencies = (
			);
			name = Memorize;
			productName = Memorize;
			productReference = 2718223C2498706A0017725F /* Memorize.app */;
			productType = "com.apple.product-type.application";
		};
/* End PBXNativeTarget section */

/* Begin PBXProject section */
		271822342498706A0017725F /* Project object */ = {
			isa = PBXProject;
			attributes = {
				LastSwiftUpdateCheck = 1150;
				LastUpgradeCheck = 1150;
				ORGANIZATIONNAME = KyleYe;
				TargetAttributes = {
					2718223B2498706A0017725F = {
						CreatedOnToolsVersion = 11.5;
					};
				};
			};
			buildConfigurationList = 271822372498706A0017725F /* Build configuration list for PBXProject "Memorize" */;
			compatibilityVersion = "Xcode 9.3";
			developmentRegion = en;
			hasScannedForEncodings = 0;
			knownRegions = (
				en,
				Base,
				"zh-Hans",
			);
			mainGroup = 271822332498706A0017725F;
			productRefGroup = 2718223D2498706A0017725F /* Products */;
			projectDirPath = "";
			projectRoot = "";
			targets = (
				2718223B2498706A0017725F /* Memorize */,
			);
		};
/* End PBXProject section */

/* Begin PBXResourcesBuildPhase section */
		2718223A2498706A0017725F /* Resources */ = {
			isa = PBXResourcesBuildPhase;
			buildActionMask = 2147483647;
			files = (
				27A3EE06249B66DB00BB64B7 /* Localizable.strings in Resources */,
				271822492498706F0017725F /* Preview Assets.xcassets in Resources */,
				271822462498706F0017725F /* Assets.xcassets in Resources */,
			);
			runOnlyForDeploymentPostprocessing = 0;
		};
/* End PBXResourcesBuildPhase section */

/* Begin PBXSourcesBuildPhase section */
		271822382498706A0017725F /* Sources */ = {
			isa = PBXSourcesBuildPhase;
			buildActionMask = 2147483647;
			files = (
				271822402498706A0017725F /* AppDelegate.swift in Sources */,
				27196D56249A54630063B7CD /* EmojiMemoryGameView.swift in Sources */,
				271822422498706A0017725F /* SceneDelegate.swift in Sources */,
				274C03662498CB0000C2ED7E /* MemoryGame.swift in Sources */,
				27196D55249A54630063B7CD /* Grid.swift in Sources */,
				274C036E2499139300C2ED7E /* CardView.swift in Sources */,
				27A3EE03249B519700BB64B7 /* Cardify.swift in Sources */,
				27196D52249A54500063B7CD /* Array+Identifiable.swift in Sources */,
				27196D50249A54500063B7CD /* GridLayout.swift in Sources */,
				27A3EE01249B487B00BB64B7 /* Pie.swift in Sources */,
				274C03682498CC0D00C2ED7E /* EmojiMemoryGame.swift in Sources */,
				27196D51249A54500063B7CD /* Array+Only.swift in Sources */,
			);
			runOnlyForDeploymentPostprocessing = 0;
		};
/* End PBXSourcesBuildPhase section */

/* Begin PBXVariantGroup section */
		27A3EE08249B66DB00BB64B7 /* Localizable.strings */ = {
			isa = PBXVariantGroup;
			children = (
				27A3EE07249B66DB00BB64B7 /* en */,
				27A3EE0A249B672200BB64B7 /* zh-Hans */,
			);
			name = Localizable.strings;
			sourceTree = "<group>";
		};
/* End PBXVariantGroup section */

/* Begin XCBuildConfiguration section */
		2718224E2498706F0017725F /* Debug */ = {
			isa = XCBuildConfiguration;
			buildSettings = {
				ALWAYS_SEARCH_USER_PATHS = NO;
				CLANG_ANALYZER_LOCALIZABILITY_NONLOCALIZED = YES;
				CLANG_ANALYZER_NONNULL = YES;
				CLANG_ANALYZER_NUMBER_OBJECT_CONVERSION = YES_AGGRESSIVE;
				CLANG_CXX_LANGUAGE_STANDARD = "gnu++14";
				CLANG_CXX_LIBRARY = "libc++";
				CLANG_ENABLE_MODULES = YES;
				CLANG_ENABLE_OBJC_ARC = YES;
				CLANG_ENABLE_OBJC_WEAK = YES;
				CLANG_WARN_BLOCK_CAPTURE_AUTORELEASING = YES;
				CLANG_WARN_BOOL_CONVERSION = YES;
				CLANG_WARN_COMMA = YES;
				CLANG_WARN_CONSTANT_CONVERSION = YES;
				CLANG_WARN_DEPRECATED_OBJC_IMPLEMENTATIONS = YES;
				CLANG_WARN_DIRECT_OBJC_ISA_USAGE = YES_ERROR;
				CLANG_WARN_DOCUMENTATION_COMMENTS = YES;
				CLANG_WARN_EMPTY_BODY = YES;
				CLANG_WARN_ENUM_CONVERSION = YES;
				CLANG_WARN_INFINITE_RECURSION = YES;
				CLANG_WARN_INT_CONVERSION = YES;
				CLANG_WARN_NON_LITERAL_NULL_CONVERSION = YES;
				CLANG_WARN_OBJC_IMPLICIT_RETAIN_SELF = YES;
				CLANG_WARN_OBJC_LITERAL_CONVERSION = YES;
				CLANG_WARN_OBJC_ROOT_CLASS = YES_ERROR;
				CLANG_WARN_RANGE_LOOP_ANALYSIS = YES;
				CLANG_WARN_STRICT_PROTOTYPES = YES;
				CLANG_WARN_SUSPICIOUS_MOVE = YES;
				CLANG_WARN_UNGUARDED_AVAILABILITY = YES_AGGRESSIVE;
				CLANG_WARN_UNREACHABLE_CODE = YES;
				CLANG_WARN__DUPLICATE_METHOD_MATCH = YES;
				COPY_PHASE_STRIP = NO;
				DEBUG_INFORMATION_FORMAT = dwarf;
				ENABLE_STRICT_OBJC_MSGSEND = YES;
				ENABLE_TESTABILITY = YES;
				GCC_C_LANGUAGE_STANDARD = gnu11;
				GCC_DYNAMIC_NO_PIC = NO;
				GCC_NO_COMMON_BLOCKS = YES;
				GCC_OPTIMIZATION_LEVEL = 0;
				GCC_PREPROCESSOR_DEFINITIONS = (
					"DEBUG=1",
					"$(inherited)",
				);
				GCC_WARN_64_TO_32_BIT_CONVERSION = YES;
				GCC_WARN_ABOUT_RETURN_TYPE = YES_ERROR;
				GCC_WARN_UNDECLARED_SELECTOR = YES;
				GCC_WARN_UNINITIALIZED_AUTOS = YES_AGGRESSIVE;
				GCC_WARN_UNUSED_FUNCTION = YES;
				GCC_WARN_UNUSED_VARIABLE = YES;
				IPHONEOS_DEPLOYMENT_TARGET = 13.4;
				MTL_ENABLE_DEBUG_INFO = INCLUDE_SOURCE;
				MTL_FAST_MATH = YES;
				ONLY_ACTIVE_ARCH = YES;
				SDKROOT = iphoneos;
				SWIFT_ACTIVE_COMPILATION_CONDITIONS = DEBUG;
				SWIFT_OPTIMIZATION_LEVEL = "-Onone";
			};
			name = Debug;
		};
		2718224F2498706F0017725F /* Release */ = {
			isa = XCBuildConfiguration;
			buildSettings = {
				ALWAYS_SEARCH_USER_PATHS = NO;
				CLANG_ANALYZER_LOCALIZABILITY_NONLOCALIZED = YES;
				CLANG_ANALYZER_NONNULL = YES;
				CLANG_ANALYZER_NUMBER_OBJECT_CONVERSION = YES_AGGRESSIVE;
				CLANG_CXX_LANGUAGE_STANDARD = "gnu++14";
				CLANG_CXX_LIBRARY = "libc++";
				CLANG_ENABLE_MODULES = YES;
				CLANG_ENABLE_OBJC_ARC = YES;
				CLANG_ENABLE_OBJC_WEAK = YES;
				CLANG_WARN_BLOCK_CAPTURE_AUTORELEASING = YES;
				CLANG_WARN_BOOL_CONVERSION = YES;
				CLANG_WARN_COMMA = YES;
				CLANG_WARN_CONSTANT_CONVERSION = YES;
				CLANG_WARN_DEPRECATED_OBJC_IMPLEMENTATIONS = YES;
				CLANG_WARN_DIRECT_OBJC_ISA_USAGE = YES_ERROR;
				CLANG_WARN_DOCUMENTATION_COMMENTS = YES;
				CLANG_WARN_EMPTY_BODY = YES;
				CLANG_WARN_ENUM_CONVERSION = YES;
				CLANG_WARN_INFINITE_RECURSION = YES;
				CLANG_WARN_INT_CONVERSION = YES;
				CLANG_WARN_NON_LITERAL_NULL_CONVERSION = YES;
				CLANG_WARN_OBJC_IMPLICIT_RETAIN_SELF = YES;
				CLANG_WARN_OBJC_LITERAL_CONVERSION = YES;
				CLANG_WARN_OBJC_ROOT_CLASS = YES_ERROR;
				CLANG_WARN_RANGE_LOOP_ANALYSIS = YES;
				CLANG_WARN_STRICT_PROTOTYPES = YES;
				CLANG_WARN_SUSPICIOUS_MOVE = YES;
				CLANG_WARN_UNGUARDED_AVAILABILITY = YES_AGGRESSIVE;
				CLANG_WARN_UNREACHABLE_CODE = YES;
				CLANG_WARN__DUPLICATE_METHOD_MATCH = YES;
				COPY_PHASE_STRIP = NO;
				DEBUG_INFORMATION_FORMAT = "dwarf-with-dsym";
				ENABLE_NS_ASSERTIONS = NO;
				ENABLE_STRICT_OBJC_MSGSEND = YES;
				GCC_C_LANGUAGE_STANDARD = gnu11;
				GCC_NO_COMMON_BLOCKS = YES;
				GCC_WARN_64_TO_32_BIT_CONVERSION = YES;
				GCC_WARN_ABOUT_RETURN_TYPE = YES_ERROR;
				GCC_WARN_UNDECLARED_SELECTOR = YES;
				GCC_WARN_UNINITIALIZED_AUTOS = YES_AGGRESSIVE;
				GCC_WARN_UNUSED_FUNCTION = YES;
				GCC_WARN_UNUSED_VARIABLE = YES;
				IPHONEOS_DEPLOYMENT_TARGET = 13.4;
				MTL_ENABLE_DEBUG_INFO = NO;
				MTL_FAST_MATH = YES;
				SDKROOT = iphoneos;
				SWIFT_COMPILATION_MODE = wholemodule;
				SWIFT_OPTIMIZATION_LEVEL = "-O";
				VALIDATE_PRODUCT = YES;
			};
			name = Release;
		};
		271822512498706F0017725F /* Debug */ = {
			isa = XCBuildConfiguration;
			buildSettings = {
				ASSETCATALOG_COMPILER_APPICON_NAME = AppIcon;
				CODE_SIGN_IDENTITY = "Apple Development";
				CODE_SIGN_STYLE = Automatic;
				DEVELOPMENT_ASSET_PATHS = "\"Memorize/Preview Content\"";
				DEVELOPMENT_TEAM = VB7MJ8R223;
				ENABLE_PREVIEWS = YES;
				INFOPLIST_FILE = Memorize/Info.plist;
				LD_RUNPATH_SEARCH_PATHS = (
					"$(inherited)",
					"@executable_path/Frameworks",
				);
				PRODUCT_BUNDLE_IDENTIFIER = top.kyleye.Memorize;
				PRODUCT_NAME = "$(TARGET_NAME)";
				PROVISIONING_PROFILE_SPECIFIER = "";
				SWIFT_VERSION = 5.0;
				TARGETED_DEVICE_FAMILY = "1,2";
			};
			name = Debug;
		};
		271822522498706F0017725F /* Release */ = {
			isa = XCBuildConfiguration;
			buildSettings = {
				ASSETCATALOG_COMPILER_APPICON_NAME = AppIcon;
				CODE_SIGN_IDENTITY = "Apple Development";
				CODE_SIGN_STYLE = Automatic;
				DEVELOPMENT_ASSET_PATHS = "\"Memorize/Preview Content\"";
				DEVELOPMENT_TEAM = VB7MJ8R223;
				ENABLE_PREVIEWS = YES;
				INFOPLIST_FILE = Memorize/Info.plist;
				LD_RUNPATH_SEARCH_PATHS = (
					"$(inherited)",
					"@executable_path/Frameworks",
				);
				PRODUCT_BUNDLE_IDENTIFIER = top.kyleye.Memorize;
				PRODUCT_NAME = "$(TARGET_NAME)";
				PROVISIONING_PROFILE_SPECIFIER = "";
				SWIFT_VERSION = 5.0;
				TARGETED_DEVICE_FAMILY = "1,2";
			};
			name = Release;
		};
/* End XCBuildConfiguration section */

/* Begin XCConfigurationList section */
		271822372498706A0017725F /* Build configuration list for PBXProject "Memorize" */ = {
			isa = XCConfigurationList;
			buildConfigurations = (
				2718224E2498706F0017725F /* Debug */,
				2718224F2498706F0017725F /* Release */,
			);
			defaultConfigurationIsVisible = 0;
			defaultConfigurationName = Release;
		};
		271822502498706F0017725F /* Build configuration list for PBXNativeTarget "Memorize" */ = {
			isa = XCConfigurationList;
			buildConfigurations = (
				271822512498706F0017725F /* Debug */,
				271822522498706F0017725F /* Release */,
			);
			defaultConfigurationIsVisible = 0;
			defaultConfigurationName = Release;
		};
/* End XCConfigurationList section */
	};
	rootObject = 271822342498706A0017725F /* Project object */;
}
